
Microsoft Visual Studio Solution File, Format Version 12.00
# Visual Studio Version 16
VisualStudioVersion = 16.0.30320.27
MinimumVisualStudioVersion = 10.0.40219.1
Project("{FAE04EC0-301F-11D3-BF4B-00C04F79EFBC}") = "MonPremierSite", "MonPremierSite\MonPremierSite.csproj", "{D8472D10-3051-4C0B-8ED5-10AB3FE26504}"
EndProject
Global
	GlobalSection(SolutionConfigurationPlatforms) = preSolution
		Debug|Any CPU = Debug|Any CPU
		Release|Any CPU = Release|Any CPU
	EndGlobalSection
	GlobalSection(ProjectConfigurationPlatforms) = postSolution
		{D8472D10-3051-4C0B-8ED5-10AB3FE26504}.Debug|Any CPU.ActiveCfg = Debug|Any CPU
		{D8472D10-3051-4C0B-8ED5-10AB3FE26504}.Debug|Any CPU.Build.0 = Debug|Any CPU
		{D8472D10-3051-4C0B-8ED5-10AB3FE26504}.Release|Any CPU.ActiveCfg = Release|Any CPU
		{D8472D10-3051-4C0B-8ED5-10AB3FE26504}.Release|Any CPU.Build.0 = Release|Any CPU
	EndGlobalSection
	GlobalSection(SolutionProperties) = preSolution
		HideSolutionNode = FALSE
	EndGlobalSection
	GlobalSection(ExtensibilityGlobals) = postSolution
		SolutionGuid = {7E90A5A5-1090-428B-8829-052A37CFD664}
	EndGlobalSection
EndGlobal
